
Microsoft Visual Studio Solution File, Format Version 12.00
# Visual Studio 2013
VisualStudioVersion = 12.0.21005.1
MinimumVisualStudioVersion = 10.0.40219.1
Project("{FAE04EC0-301F-11D3-BF4B-00C04F79EFBC}") = "UI.Desktop", "UI.Desktop\UI.Desktop.csproj", "{170CBC08-624B-4B69-99E2-AA0D572AAD38}"
EndProject
Project("{FAE04EC0-301F-11D3-BF4B-00C04F79EFBC}") = "Business.Entities", "Negocio\Business.Entities.csproj", "{1A6D2368-3A3D-427C-801D-AB0A80310F01}"
EndProject
Project("{FAE04EC0-301F-11D3-BF4B-00C04F79EFBC}") = "Util", "Util\Util.csproj", "{5B4013D2-23CA-4643-AAFC-83DA5A1A5A54}"
EndProject
Project("{FAE04EC0-301F-11D3-BF4B-00C04F79EFBC}") = "Business.Logic", "Business.Logic\Business.Logic.csproj", "{5CC7C59C-BBDE-45D7-BF25-6255F783C7DE}"
EndProject
Project("{E24C65DC-7377-472B-9ABA-BC803B73C61A}") = "UI.Web", "http://localhost:3134", "{741914B9-776D-4060-8707-B0B4E48713B1}"
	ProjectSection(WebsiteProperties) = preProject
		UseIISExpress = "true"
		TargetFrameworkMoniker = ".NETFramework,Version%3Dv4.5"
		Debug.AspNetCompiler.VirtualPath = "/localhost_3134"
		Debug.AspNetCompiler.PhysicalPath = "UI.Web\"
		Debug.AspNetCompiler.TargetPath = "PrecompiledWeb\localhost_3134\"
		Debug.AspNetCompiler.Updateable = "true"
		Debug.AspNetCompiler.ForceOverwrite = "true"
		Debug.AspNetCompiler.FixedNames = "false"
		Debug.AspNetCompiler.Debug = "True"
		Release.AspNetCompiler.VirtualPath = "/localhost_3134"
		Release.AspNetCompiler.PhysicalPath = "UI.Web\"
		Release.AspNetCompiler.TargetPath = "PrecompiledWeb\localhost_3134\"
		Release.AspNetCompiler.Updateable = "true"
		Release.AspNetCompiler.ForceOverwrite = "true"
		Release.AspNetCompiler.FixedNames = "false"
		Release.AspNetCompiler.Debug = "False"
		SlnRelativePath = "UI.Web\"
		DefaultWebSiteLanguage = "Visual C#"
	EndProjectSection
EndProject
Global
	GlobalSection(SolutionConfigurationPlatforms) = preSolution
		Debug|Any CPU = Debug|Any CPU
		Release|Any CPU = Release|Any CPU
	EndGlobalSection
	GlobalSection(ProjectConfigurationPlatforms) = postSolution
		{170CBC08-624B-4B69-99E2-AA0D572AAD38}.Debug|Any CPU.ActiveCfg = Debug|Any CPU
		{170CBC08-624B-4B69-99E2-AA0D572AAD38}.Debug|Any CPU.Build.0 = Debug|Any CPU
		{170CBC08-624B-4B69-99E2-AA0D572AAD38}.Release|Any CPU.ActiveCfg = Release|Any CPU
		{170CBC08-624B-4B69-99E2-AA0D572AAD38}.Release|Any CPU.Build.0 = Release|Any CPU
		{1A6D2368-3A3D-427C-801D-AB0A80310F01}.Debug|Any CPU.ActiveCfg = Debug|Any CPU
		{1A6D2368-3A3D-427C-801D-AB0A80310F01}.Debug|Any CPU.Build.0 = Debug|Any CPU
		{1A6D2368-3A3D-427C-801D-AB0A80310F01}.Release|Any CPU.ActiveCfg = Release|Any CPU
		{1A6D2368-3A3D-427C-801D-AB0A80310F01}.Release|Any CPU.Build.0 = Release|Any CPU
		{5B4013D2-23CA-4643-AAFC-83DA5A1A5A54}.Debug|Any CPU.ActiveCfg = Debug|Any CPU
		{5B4013D2-23CA-4643-AAFC-83DA5A1A5A54}.Debug|Any CPU.Build.0 = Debug|Any CPU
		{5B4013D2-23CA-4643-AAFC-83DA5A1A5A54}.Release|Any CPU.ActiveCfg = Release|Any CPU
		{5B4013D2-23CA-4643-AAFC-83DA5A1A5A54}.Release|Any CPU.Build.0 = Release|Any CPU
		{5CC7C59C-BBDE-45D7-BF25-6255F783C7DE}.Debug|Any CPU.ActiveCfg = Debug|Any CPU
		{5CC7C59C-BBDE-45D7-BF25-6255F783C7DE}.Debug|Any CPU.Build.0 = Debug|Any CPU
		{5CC7C59C-BBDE-45D7-BF25-6255F783C7DE}.Release|Any CPU.ActiveCfg = Release|Any CPU
		{5CC7C59C-BBDE-45D7-BF25-6255F783C7DE}.Release|Any CPU.Build.0 = Release|Any CPU
		{741914B9-776D-4060-8707-B0B4E48713B1}.Debug|Any CPU.ActiveCfg = Debug|Any CPU
		{741914B9-776D-4060-8707-B0B4E48713B1}.Debug|Any CPU.Build.0 = Debug|Any CPU
		{741914B9-776D-4060-8707-B0B4E48713B1}.Release|Any CPU.ActiveCfg = Debug|Any CPU
		{741914B9-776D-4060-8707-B0B4E48713B1}.Release|Any CPU.Build.0 = Debug|Any CPU
	EndGlobalSection
	GlobalSection(SolutionProperties) = preSolution
		HideSolutionNode = FALSE
	EndGlobalSection
EndGlobal
