
Microsoft Visual Studio Solution File, Format Version 12.00
# Visual Studio 2013
VisualStudioVersion = 12.0.31101.0
MinimumVisualStudioVersion = 10.0.40219.1
Project("{FAE04EC0-301F-11D3-BF4B-00C04F79EFBC}") = "UI.Desktop", "UI.Desktop\UI.Desktop.csproj", "{170CBC08-624B-4B69-99E2-AA0D572AAD38}"
EndProject
Project("{FAE04EC0-301F-11D3-BF4B-00C04F79EFBC}") = "Business.Entities", "Negocio\Business.Entities.csproj", "{1A6D2368-3A3D-427C-801D-AB0A80310F01}"
EndProject
Project("{FAE04EC0-301F-11D3-BF4B-00C04F79EFBC}") = "Util", "Util\Util.csproj", "{5B4013D2-23CA-4643-AAFC-83DA5A1A5A54}"
EndProject
Project("{FAE04EC0-301F-11D3-BF4B-00C04F79EFBC}") = "Business.Logic", "Business.Logic\Business.Logic.csproj", "{5CC7C59C-BBDE-45D7-BF25-6255F783C7DE}"
EndProject
Project("{FAE04EC0-301F-11D3-BF4B-00C04F79EFBC}") = "Data.Database", "Data.Database\Data.Database.csproj", "{18D1C50F-58E0-4D94-B05B-4A95A146E6BB}"
EndProject
Project("{FAE04EC0-301F-11D3-BF4B-00C04F79EFBC}") = "UI.Web", "UI.Web\UI.Web.csproj", "{80A10784-8AF2-4552-926D-05ED9A078900}"
EndProject
Global
	GlobalSection(SolutionConfigurationPlatforms) = preSolution
		Debug|Any CPU = Debug|Any CPU
		Release|Any CPU = Release|Any CPU
	EndGlobalSection
	GlobalSection(ProjectConfigurationPlatforms) = postSolution
		{170CBC08-624B-4B69-99E2-AA0D572AAD38}.Debug|Any CPU.ActiveCfg = Debug|Any CPU
		{170CBC08-624B-4B69-99E2-AA0D572AAD38}.Debug|Any CPU.Build.0 = Debug|Any CPU
		{170CBC08-624B-4B69-99E2-AA0D572AAD38}.Release|Any CPU.ActiveCfg = Release|Any CPU
		{170CBC08-624B-4B69-99E2-AA0D572AAD38}.Release|Any CPU.Build.0 = Release|Any CPU
		{1A6D2368-3A3D-427C-801D-AB0A80310F01}.Debug|Any CPU.ActiveCfg = Debug|Any CPU
		{1A6D2368-3A3D-427C-801D-AB0A80310F01}.Debug|Any CPU.Build.0 = Debug|Any CPU
		{1A6D2368-3A3D-427C-801D-AB0A80310F01}.Release|Any CPU.ActiveCfg = Release|Any CPU
		{1A6D2368-3A3D-427C-801D-AB0A80310F01}.Release|Any CPU.Build.0 = Release|Any CPU
		{5B4013D2-23CA-4643-AAFC-83DA5A1A5A54}.Debug|Any CPU.ActiveCfg = Debug|Any CPU
		{5B4013D2-23CA-4643-AAFC-83DA5A1A5A54}.Debug|Any CPU.Build.0 = Debug|Any CPU
		{5B4013D2-23CA-4643-AAFC-83DA5A1A5A54}.Release|Any CPU.ActiveCfg = Release|Any CPU
		{5B4013D2-23CA-4643-AAFC-83DA5A1A5A54}.Release|Any CPU.Build.0 = Release|Any CPU
		{5CC7C59C-BBDE-45D7-BF25-6255F783C7DE}.Debug|Any CPU.ActiveCfg = Debug|Any CPU
		{5CC7C59C-BBDE-45D7-BF25-6255F783C7DE}.Debug|Any CPU.Build.0 = Debug|Any CPU
		{5CC7C59C-BBDE-45D7-BF25-6255F783C7DE}.Release|Any CPU.ActiveCfg = Release|Any CPU
		{5CC7C59C-BBDE-45D7-BF25-6255F783C7DE}.Release|Any CPU.Build.0 = Release|Any CPU
		{18D1C50F-58E0-4D94-B05B-4A95A146E6BB}.Debug|Any CPU.ActiveCfg = Debug|Any CPU
		{18D1C50F-58E0-4D94-B05B-4A95A146E6BB}.Debug|Any CPU.Build.0 = Debug|Any CPU
		{18D1C50F-58E0-4D94-B05B-4A95A146E6BB}.Release|Any CPU.ActiveCfg = Release|Any CPU
		{18D1C50F-58E0-4D94-B05B-4A95A146E6BB}.Release|Any CPU.Build.0 = Release|Any CPU
		{80A10784-8AF2-4552-926D-05ED9A078900}.Debug|Any CPU.ActiveCfg = Debug|Any CPU
		{80A10784-8AF2-4552-926D-05ED9A078900}.Debug|Any CPU.Build.0 = Debug|Any CPU
		{80A10784-8AF2-4552-926D-05ED9A078900}.Release|Any CPU.ActiveCfg = Release|Any CPU
		{80A10784-8AF2-4552-926D-05ED9A078900}.Release|Any CPU.Build.0 = Release|Any CPU
	EndGlobalSection
	GlobalSection(SolutionProperties) = preSolution
		HideSolutionNode = FALSE
	EndGlobalSection
EndGlobal
